
Microsoft Visual Studio Solution File, Format Version 12.00
# Visual Studio Version 17
VisualStudioVersion = 17.0.31903.59
MinimumVisualStudioVersion = 10.0.40219.1
Project("{2150E333-8FDC-42A3-9474-1A3956D46DE8}") = "src", "src", "{C21BB865-F485-4410-B358-41ECC594E31B}"
EndProject
Project("{FAE04EC0-301F-11D3-BF4B-00C04F79EFBC}") = "Commons", "src\Commons\Commons.csproj", "{F00677F1-3F5E-4B35-A738-4CDB50A5B788}"
EndProject
Project("{FAE04EC0-301F-11D3-BF4B-00C04F79EFBC}") = "Concretes", "src\Concretes\Concretes.csproj", "{8A7E438D-B03F-4734-B22C-70A5C5671EA7}"
EndProject
Project("{FAE04EC0-301F-11D3-BF4B-00C04F79EFBC}") = "Contracts", "src\Contracts\Contracts.csproj", "{E6BCDD48-EF11-4CCE-85AF-0B8322B0F804}"
EndProject
Project("{FAE04EC0-301F-11D3-BF4B-00C04F79EFBC}") = "Presentation", "src\Presentation\Presentation.csproj", "{214049FC-0C87-4EB1-9226-8D05C552D97C}"
EndProject
Global
	GlobalSection(SolutionConfigurationPlatforms) = preSolution
		Debug|Any CPU = Debug|Any CPU
		Release|Any CPU = Release|Any CPU
	EndGlobalSection
	GlobalSection(SolutionProperties) = preSolution
		HideSolutionNode = FALSE
	EndGlobalSection
	GlobalSection(ProjectConfigurationPlatforms) = postSolution
		{F00677F1-3F5E-4B35-A738-4CDB50A5B788}.Debug|Any CPU.ActiveCfg = Debug|Any CPU
		{F00677F1-3F5E-4B35-A738-4CDB50A5B788}.Debug|Any CPU.Build.0 = Debug|Any CPU
		{F00677F1-3F5E-4B35-A738-4CDB50A5B788}.Release|Any CPU.ActiveCfg = Release|Any CPU
		{F00677F1-3F5E-4B35-A738-4CDB50A5B788}.Release|Any CPU.Build.0 = Release|Any CPU
		{8A7E438D-B03F-4734-B22C-70A5C5671EA7}.Debug|Any CPU.ActiveCfg = Debug|Any CPU
		{8A7E438D-B03F-4734-B22C-70A5C5671EA7}.Debug|Any CPU.Build.0 = Debug|Any CPU
		{8A7E438D-B03F-4734-B22C-70A5C5671EA7}.Release|Any CPU.ActiveCfg = Release|Any CPU
		{8A7E438D-B03F-4734-B22C-70A5C5671EA7}.Release|Any CPU.Build.0 = Release|Any CPU
		{E6BCDD48-EF11-4CCE-85AF-0B8322B0F804}.Debug|Any CPU.ActiveCfg = Debug|Any CPU
		{E6BCDD48-EF11-4CCE-85AF-0B8322B0F804}.Debug|Any CPU.Build.0 = Debug|Any CPU
		{E6BCDD48-EF11-4CCE-85AF-0B8322B0F804}.Release|Any CPU.ActiveCfg = Release|Any CPU
		{E6BCDD48-EF11-4CCE-85AF-0B8322B0F804}.Release|Any CPU.Build.0 = Release|Any CPU
		{214049FC-0C87-4EB1-9226-8D05C552D97C}.Debug|Any CPU.ActiveCfg = Debug|Any CPU
		{214049FC-0C87-4EB1-9226-8D05C552D97C}.Debug|Any CPU.Build.0 = Debug|Any CPU
		{214049FC-0C87-4EB1-9226-8D05C552D97C}.Release|Any CPU.ActiveCfg = Release|Any CPU
		{214049FC-0C87-4EB1-9226-8D05C552D97C}.Release|Any CPU.Build.0 = Release|Any CPU
	EndGlobalSection
	GlobalSection(NestedProjects) = preSolution
		{F00677F1-3F5E-4B35-A738-4CDB50A5B788} = {C21BB865-F485-4410-B358-41ECC594E31B}
		{8A7E438D-B03F-4734-B22C-70A5C5671EA7} = {C21BB865-F485-4410-B358-41ECC594E31B}
		{E6BCDD48-EF11-4CCE-85AF-0B8322B0F804} = {C21BB865-F485-4410-B358-41ECC594E31B}
		{214049FC-0C87-4EB1-9226-8D05C552D97C} = {C21BB865-F485-4410-B358-41ECC594E31B}
	EndGlobalSection
EndGlobal
